
Microsoft Visual Studio Solution File, Format Version 12.00
# Visual Studio Version 16
VisualStudioVersion = 16.0.30621.155
MinimumVisualStudioVersion = 10.0.40219.1
Project("{FAE04EC0-301F-11D3-BF4B-00C04F79EFBC}") = "Sweepstakes Project", "Sweepstakes Project\Sweepstakes Project.csproj", "{24347B84-E8B7-477D-860A-B2F4109F4E7A}"
EndProject
Global
	GlobalSection(SolutionConfigurationPlatforms) = preSolution
		Debug|Any CPU = Debug|Any CPU
		Release|Any CPU = Release|Any CPU
	EndGlobalSection
	GlobalSection(ProjectConfigurationPlatforms) = postSolution
		{24347B84-E8B7-477D-860A-B2F4109F4E7A}.Debug|Any CPU.ActiveCfg = Debug|Any CPU
		{24347B84-E8B7-477D-860A-B2F4109F4E7A}.Debug|Any CPU.Build.0 = Debug|Any CPU
		{24347B84-E8B7-477D-860A-B2F4109F4E7A}.Release|Any CPU.ActiveCfg = Release|Any CPU
		{24347B84-E8B7-477D-860A-B2F4109F4E7A}.Release|Any CPU.Build.0 = Release|Any CPU
	EndGlobalSection
	GlobalSection(SolutionProperties) = preSolution
		HideSolutionNode = FALSE
	EndGlobalSection
	GlobalSection(ExtensibilityGlobals) = postSolution
		SolutionGuid = {5AB89BD6-7DBE-43CA-95F0-C44D5973EC9A}
	EndGlobalSection
EndGlobal
